<?xml version="1.0" encoding="utf-8"?>
<Project ToolsVersion="4.0" xmlns="http://schemas.microsoft.com/developer/msbuild/2003">
  <ItemGroup>
    <FxCompile Include="HLSL\DebugPS.hlsl" />
    <FxCompile Include="HLSL\DebugVS.hlsl" />
    <FxCompile Include="HLSL\ImGuiPS.hlsl" />
    <FxCompile Include="HLSL\ImGuiVS.hlsl" />
    <FxCompile Include="HLSL\LambertPS.hlsl" />
    <FxCompile Include="HLSL\LambertVS.hlsl" />
    <FxCompile Include="HLSL\LinePS.hlsl" />
    <FxCompile Include="HLSL\LineVS.hlsl" />
    <FxCompile Include="HLSL\SpritePS.hlsl" />
    <FxCompile Include="HLSL\SpriteVS.hlsl" />
  </ItemGroup>
  <ItemGroup>
    <ClCompile Include="External\DirectXTex\WICTextureLoader.cpp" />
    <ClCompile Include="External\imgui\imgui.cpp" />
    <ClCompile Include="External\imgui\imgui_demo.cpp" />
    <ClCompile Include="External\imgui\imgui_draw.cpp" />
    <ClCompile Include="External\imgui\imgui_widgets.cpp" />
    <ClCompile Include="Source\Audio\Audio.cpp" />
    <ClCompile Include="Source\Audio\AudioResource.cpp" />
    <ClCompile Include="Source\Audio\AudioSource.cpp" />
    <ClCompile Include="Source\Camera.cpp" />
    <ClCompile Include="Source\CameraController.cpp" />
    <ClCompile Include="Source\Character.cpp" />
    <ClCompile Include="Source\Collision.cpp" />
    <ClCompile Include="Source\Effect.cpp" />
    <ClCompile Include="Source\EffectManager.cpp" />
    <ClCompile Include="Source\Enemy.cpp" />
    <ClCompile Include="Source\EnemyBomber.cpp" />

    <ClCompile Include="Source\EnemyDrone.cpp" />

    <ClCompile Include="Source\EnemyManager.cpp" />
    <ClCompile Include="Source\EnemySlime.cpp" />
    <ClCompile Include="Source\EnemySpider.cpp" />
    <ClCompile Include="Source\Framework.cpp" />
    <ClCompile Include="Source\Graphics\DebugRenderer.cpp" />
    <ClCompile Include="Source\Graphics\Graphics.cpp" />
    <ClCompile Include="Source\Graphics\ImGuiRenderer.cpp" />
    <ClCompile Include="Source\Graphics\LambertShader.cpp" />
    <ClCompile Include="Source\Graphics\LineRenderer.cpp" />
    <ClCompile Include="Source\Graphics\Model.cpp" />
    <ClCompile Include="Source\Graphics\ModelResource.cpp" />
    <ClCompile Include="Source\Graphics\Sprite.cpp" />
    <ClCompile Include="Source\Input\GamePad.cpp" />
    <ClCompile Include="Source\Input\Input.cpp" />
    <ClCompile Include="Source\Input\Mouse.cpp" />
    <ClCompile Include="Source\Logger.cpp" />
    <ClCompile Include="Source\Main.cpp" />
    <ClCompile Include="Source\Mathf.cpp" />
    <ClCompile Include="Source\Player.cpp" />
    <ClCompile Include="Source\Projectile.cpp" />
    <ClCompile Include="Source\ProjectileHoming.cpp" />
    <ClCompile Include="Source\ProjectileManager.cpp" />
    <ClCompile Include="Source\ProjectileStraight.cpp" />
    <ClCompile Include="Source\ResourceManager.cpp" />
    <ClCompile Include="Source\SceneGame.cpp" />
    <ClCompile Include="Source\SceneLoading.cpp" />
    <ClCompile Include="Source\SceneManager.cpp" />
    <ClCompile Include="Source\SceneSelect.cpp" />
    <ClCompile Include="Source\SceneTitle.cpp" />
    <ClCompile Include="Source\SelectStage1.cpp" />
    <ClCompile Include="Source\SelectStage2.cpp" />
    <ClCompile Include="Source\ShieldGauge.cpp" />
    <ClCompile Include="Source\ShieldIcon.cpp" />
    <ClCompile Include="Source\Stage.cpp" />
    <ClCompile Include="Source\StageManager.cpp" />
    <ClCompile Include="Source\StageMoveFloor.cpp" />

    <ClCompile Include="Source\Transform.cpp" />

    <ClCompile Include="Source\Weapon.cpp" />
    <ClCompile Include="Source\WeaponGreatSword.cpp" />
    <ClCompile Include="Source\WeaponDagger.cpp" />
    <ClCompile Include="Source\WeaponManager.cpp" />
    <ClCompile Include="Source\UI.cpp" />

    <ClCompile Include="Source\ProjectileEnemy.cpp" />
    <ClCompile Include="Source\ProjectileEnemyToPlayer.cpp" />
    <ClCompile Include="Source\CameraEffect_Death.cpp" />
    <ClCompile Include="Source\CameraEffect_Clear.cpp" />
    <ClCompile Include="Source\Item.cpp" />
    <ClCompile Include="Source\ItemManager.cpp" />
    <ClCompile Include="Source\ItemCrystal.cpp" />
    <ClCompile Include="Source\ClearUI.cpp" />
    <ClCompile Include="Source\GameOverUI.cpp" />
    <ClCompile Include="Source\Map1.cpp" />
    <ClCompile Include="Source\Map2.cpp" />
  </ItemGroup>
  <ItemGroup>
    <ClInclude Include="External\DirectXTex\WICTextureLoader.h" />
    <ClInclude Include="External\imgui\imconfig.h" />
    <ClInclude Include="External\imgui\imgui.h" />
    <ClInclude Include="External\imgui\imgui_internal.h" />
    <ClInclude Include="External\imgui\imstb_rectpack.h" />
    <ClInclude Include="External\imgui\imstb_textedit.h" />
    <ClInclude Include="External\imgui\imstb_truetype.h" />
    <ClInclude Include="Source\Audio\Audio.h" />
    <ClInclude Include="Source\Audio\AudioResource.h" />
    <ClInclude Include="Source\Audio\AudioSource.h" />
    <ClInclude Include="Source\Camera.h" />
    <ClInclude Include="Source\CameraController.h" />
    <ClInclude Include="Source\Character.h" />
    <ClInclude Include="Source\Collision.h" />
    <ClInclude Include="Source\Effect.h" />
    <ClInclude Include="Source\EffectManager.h" />
    <ClInclude Include="Source\Enemy.h" />
    <ClInclude Include="Source\EnemyBomber.h" />

    <ClInclude Include="Source\EnemyDrone.h" />

    <ClInclude Include="Source\EnemyManager.h" />
    <ClInclude Include="Source\EnemySlime.h" />
    <ClInclude Include="Source\EnemySpider.h" />
    <ClInclude Include="Source\Framework.h" />
    <ClInclude Include="Source\Graphics\DebugRenderer.h" />
    <ClInclude Include="Source\Graphics\Graphics.h" />
    <ClInclude Include="Source\Graphics\ImGuiRenderer.h" />
    <ClInclude Include="Source\Graphics\LambertShader.h" />
    <ClInclude Include="Source\Graphics\LineRenderer.h" />
    <ClInclude Include="Source\Graphics\Model.h" />
    <ClInclude Include="Source\Graphics\ModelResource.h" />
    <ClInclude Include="Source\Graphics\RenderContext.h" />
    <ClInclude Include="Source\Graphics\Shader.h" />
    <ClInclude Include="Source\Graphics\Sprite.h" />
    <ClInclude Include="Source\HighResolutionTimer.h" />
    <ClInclude Include="Source\Input\GamePad.h" />
    <ClInclude Include="Source\Input\Input.h" />
    <ClInclude Include="Source\Input\Mouse.h" />
    <ClInclude Include="Source\Logger.h" />
    <ClInclude Include="Source\Mathf.h" />
    <ClInclude Include="Source\Misc.h" />
    <ClInclude Include="Source\Player.h" />
    <ClInclude Include="Source\Projectile.h" />
    <ClInclude Include="Source\ProjectileHoming.h" />
    <ClInclude Include="Source\ProjectileManager.h" />
    <ClInclude Include="Source\ProjectileStraight.h" />
    <ClInclude Include="Source\ResourceManager.h" />
    <ClInclude Include="Source\Scene.h" />
    <ClInclude Include="Source\SceneGame.h" />
    <ClInclude Include="Source\SceneLoading.h" />
    <ClInclude Include="Source\SceneManager.h" />
    <ClInclude Include="Source\SceneSelect.h" />
    <ClInclude Include="Source\SceneTitle.h" />
    <ClInclude Include="Source\SelectStage1.h" />
    <ClInclude Include="Source\SelectStage2.h" />
    <ClInclude Include="Source\ShieldGauge.h" />
    <ClInclude Include="Source\ShieldIcon.h" />
    <ClInclude Include="Source\Stage.h" />
    <ClInclude Include="Source\StageManager.h" />
    <ClInclude Include="Source\StageMoveFloor.h" />

    <ClInclude Include="Source\Transform.h" />

    <ClInclude Include="Source\Weapon.h" />
    <ClInclude Include="Source\WeaponGreatSword.h" />
    <ClInclude Include="Source\WeaponDagger.h" />
    <ClInclude Include="Source\WeaponManager.h" />
    <ClInclude Include="Source\UI.h" />

    <ClInclude Include="Source\ProjectileEnemy.h" />
    <ClInclude Include="Source\ProjectileEnemyToPlayer.h" />
    <ClInclude Include="Source\CameraEffect_Death.h" />
    <ClInclude Include="Source\CameraEffect_Clear.h" />
    <ClInclude Include="Source\Item.h" />
    <ClInclude Include="Source\ItemManager.h" />
    <ClInclude Include="Source\ItemCrystal.h" />
    <ClInclude Include="Source\ClearUI.h" />
    <ClInclude Include="Source\GameOverUI.h" />
    <ClInclude Include="Source\Map1.h" />
    <ClInclude Include="Source\Map2.h" />
  </ItemGroup>
  <ItemGroup>
    <None Include="HLSL\Debug.hlsli" />
    <None Include="HLSL\ImGui.hlsli" />
    <None Include="HLSL\Lambert.hlsli" />
    <None Include="HLSL\Line.hlsli" />
    <None Include="HLSL\Sprite.hlsli" />
  </ItemGroup>
</Project>